
Microsoft Visual Studio Solution File, Format Version 11.00
# Visual Studio 2010
Project("{FAE04EC0-301F-11D3-BF4B-00C04F79EFBC}") = "IgNew", "IgNew\IgNew.csproj", "{B27387EE-CF6B-4821-B6A1-ED80DDB94257}"
EndProject
Project("{2150E333-8FDC-42A3-9474-1A3956D46DE8}") = "Tests", "Tests", "{F39EABEE-7ABE-422E-823C-743AE5009A77}"
EndProject
Project("{FAE04EC0-301F-11D3-BF4B-00C04F79EFBC}") = "IgNew.Tests", "IgNew.Tests\IgNew.Tests.csproj", "{004AEE9D-4387-44D6-8FD0-F66297C2362E}"
EndProject
Project("{2150E333-8FDC-42A3-9474-1A3956D46DE8}") = "Solution Items", "Solution Items", "{866AA5B4-C0C9-480D-8B3F-07CFB0C64D80}"
	ProjectSection(SolutionItems) = preProject
		Settings.StyleCop = Settings.StyleCop
	EndProjectSection
EndProject
Global
	GlobalSection(SolutionConfigurationPlatforms) = preSolution
		Debug|Any CPU = Debug|Any CPU
		Debug|x64 = Debug|x64
		Debug|x86 = Debug|x86
		Release|Any CPU = Release|Any CPU
		Release|x64 = Release|x64
		Release|x86 = Release|x86
	EndGlobalSection
	GlobalSection(ProjectConfigurationPlatforms) = postSolution
		{B27387EE-CF6B-4821-B6A1-ED80DDB94257}.Debug|Any CPU.ActiveCfg = Debug|Any CPU
		{B27387EE-CF6B-4821-B6A1-ED80DDB94257}.Debug|Any CPU.Build.0 = Debug|Any CPU
		{B27387EE-CF6B-4821-B6A1-ED80DDB94257}.Debug|x64.ActiveCfg = Debug|x64
		{B27387EE-CF6B-4821-B6A1-ED80DDB94257}.Debug|x64.Build.0 = Debug|x64
		{B27387EE-CF6B-4821-B6A1-ED80DDB94257}.Debug|x86.ActiveCfg = Debug|x86
		{B27387EE-CF6B-4821-B6A1-ED80DDB94257}.Debug|x86.Build.0 = Debug|x86
		{B27387EE-CF6B-4821-B6A1-ED80DDB94257}.Release|Any CPU.ActiveCfg = Release|Any CPU
		{B27387EE-CF6B-4821-B6A1-ED80DDB94257}.Release|Any CPU.Build.0 = Release|Any CPU
		{B27387EE-CF6B-4821-B6A1-ED80DDB94257}.Release|x64.ActiveCfg = Release|x64
		{B27387EE-CF6B-4821-B6A1-ED80DDB94257}.Release|x64.Build.0 = Release|x64
		{B27387EE-CF6B-4821-B6A1-ED80DDB94257}.Release|x86.ActiveCfg = Release|x86
		{B27387EE-CF6B-4821-B6A1-ED80DDB94257}.Release|x86.Build.0 = Release|x86
		{004AEE9D-4387-44D6-8FD0-F66297C2362E}.Debug|Any CPU.ActiveCfg = Debug|Any CPU
		{004AEE9D-4387-44D6-8FD0-F66297C2362E}.Debug|Any CPU.Build.0 = Debug|Any CPU
		{004AEE9D-4387-44D6-8FD0-F66297C2362E}.Debug|x64.ActiveCfg = Debug|x64
		{004AEE9D-4387-44D6-8FD0-F66297C2362E}.Debug|x64.Build.0 = Debug|x64
		{004AEE9D-4387-44D6-8FD0-F66297C2362E}.Debug|x86.ActiveCfg = Debug|x86
		{004AEE9D-4387-44D6-8FD0-F66297C2362E}.Debug|x86.Build.0 = Debug|x86
		{004AEE9D-4387-44D6-8FD0-F66297C2362E}.Release|Any CPU.ActiveCfg = Release|Any CPU
		{004AEE9D-4387-44D6-8FD0-F66297C2362E}.Release|Any CPU.Build.0 = Release|Any CPU
		{004AEE9D-4387-44D6-8FD0-F66297C2362E}.Release|x64.ActiveCfg = Release|x64
		{004AEE9D-4387-44D6-8FD0-F66297C2362E}.Release|x64.Build.0 = Release|x64
		{004AEE9D-4387-44D6-8FD0-F66297C2362E}.Release|x86.ActiveCfg = Release|x86
		{004AEE9D-4387-44D6-8FD0-F66297C2362E}.Release|x86.Build.0 = Release|x86
	EndGlobalSection
	GlobalSection(SolutionProperties) = preSolution
		HideSolutionNode = FALSE
	EndGlobalSection
	GlobalSection(NestedProjects) = preSolution
		{004AEE9D-4387-44D6-8FD0-F66297C2362E} = {F39EABEE-7ABE-422E-823C-743AE5009A77}
	EndGlobalSection
EndGlobal
